// !$*UTF8*$!
{
	archiveVersion = 1;
	classes = {
	};
	objectVersion = 46;
	objects = {

/* Begin PBXBuildFile section */
		A945618419E93D2B001CEC26 /* main.cpp in Sources */ = {isa = PBXBuildFile; fileRef = A945618319E93D2B001CEC26 /* main.cpp */; };
		A945618F19E9433E001CEC26 /* dnnlmlib.cpp in Sources */ = {isa = PBXBuildFile; fileRef = A945618D19E9433E001CEC26 /* dnnlmlib.cpp */; };
/* End PBXBuildFile section */

/* Begin PBXCopyFilesBuildPhase section */
		A945617E19E93D2B001CEC26 /* CopyFiles */ = {
			isa = PBXCopyFilesBuildPhase;
			buildActionMask = 2147483647;
			dstPath = /usr/share/man/man1/;
			dstSubfolderSpec = 0;
			files = (
			);
			runOnlyForDeploymentPostprocessing = 1;
		};
/* End PBXCopyFilesBuildPhase section */

/* Begin PBXFileReference section */
		A945618019E93D2B001CEC26 /* DNLM */ = {isa = PBXFileReference; explicitFileType = "compiled.mach-o.executable"; includeInIndex = 0; path = DNLM; sourceTree = BUILT_PRODUCTS_DIR; };
		A945618319E93D2B001CEC26 /* main.cpp */ = {isa = PBXFileReference; lastKnownFileType = sourcecode.cpp.cpp; path = main.cpp; sourceTree = "<group>"; };
		A945618D19E9433E001CEC26 /* dnnlmlib.cpp */ = {isa = PBXFileReference; fileEncoding = 4; lastKnownFileType = sourcecode.cpp.cpp; path = dnnlmlib.cpp; sourceTree = "<group>"; };
		A945618E19E9433E001CEC26 /* dnnlmlib.h */ = {isa = PBXFileReference; fileEncoding = 4; lastKnownFileType = sourcecode.c.h; path = dnnlmlib.h; sourceTree = "<group>"; };
/* End PBXFileReference section */

/* Begin PBXFrameworksBuildPhase section */
		A945617D19E93D2B001CEC26 /* Frameworks */ = {
			isa = PBXFrameworksBuildPhase;
			buildActionMask = 2147483647;
			files = (
			);
			runOnlyForDeploymentPostprocessing = 0;
		};
/* End PBXFrameworksBuildPhase section */

/* Begin PBXGroup section */
		A945617719E93D2B001CEC26 = {
			isa = PBXGroup;
			children = (
				A945618219E93D2B001CEC26 /* DNLM */,
				A945618119E93D2B001CEC26 /* Products */,
			);
			sourceTree = "<group>";
		};
		A945618119E93D2B001CEC26 /* Products */ = {
			isa = PBXGroup;
			children = (
				A945618019E93D2B001CEC26 /* DNLM */,
			);
			name = Products;
			sourceTree = "<group>";
		};
		A945618219E93D2B001CEC26 /* DNLM */ = {
			isa = PBXGroup;
			children = (
				A945618319E93D2B001CEC26 /* main.cpp */,
				A945618D19E9433E001CEC26 /* dnnlmlib.cpp */,
				A945618E19E9433E001CEC26 /* dnnlmlib.h */,
			);
			path = DNLM;
			sourceTree = "<group>";
		};
/* End PBXGroup section */

/* Begin PBXNativeTarget section */
		A945617F19E93D2B001CEC26 /* DNLM */ = {
			isa = PBXNativeTarget;
			buildConfigurationList = A945618719E93D2B001CEC26 /* Build configuration list for PBXNativeTarget "DNLM" */;
			buildPhases = (
				A945617C19E93D2B001CEC26 /* Sources */,
				A945617D19E93D2B001CEC26 /* Frameworks */,
				A945617E19E93D2B001CEC26 /* CopyFiles */,
			);
			buildRules = (
			);
			dependencies = (
			);
			name = DNLM;
			productName = DNLM;
			productReference = A945618019E93D2B001CEC26 /* DNLM */;
			productType = "com.apple.product-type.tool";
		};
/* End PBXNativeTarget section */

/* Begin PBXProject section */
		A945617819E93D2B001CEC26 /* Project object */ = {
			isa = PBXProject;
			attributes = {
				LastUpgradeCheck = 0600;
				ORGANIZATIONNAME = ymm;
				TargetAttributes = {
					A945617F19E93D2B001CEC26 = {
						CreatedOnToolsVersion = 6.0.1;
					};
				};
			};
			buildConfigurationList = A945617B19E93D2B001CEC26 /* Build configuration list for PBXProject "DNLM" */;
			compatibilityVersion = "Xcode 3.2";
			developmentRegion = English;
			hasScannedForEncodings = 0;
			knownRegions = (
				en,
			);
			mainGroup = A945617719E93D2B001CEC26;
			productRefGroup = A945618119E93D2B001CEC26 /* Products */;
			projectDirPath = "";
			projectRoot = "";
			targets = (
				A945617F19E93D2B001CEC26 /* DNLM */,
			);
		};
/* End PBXProject section */

/* Begin PBXSourcesBuildPhase section */
		A945617C19E93D2B001CEC26 /* Sources */ = {
			isa = PBXSourcesBuildPhase;
			buildActionMask = 2147483647;
			files = (
				A945618419E93D2B001CEC26 /* main.cpp in Sources */,
				A945618F19E9433E001CEC26 /* dnnlmlib.cpp in Sources */,
			);
			runOnlyForDeploymentPostprocessing = 0;
		};
/* End PBXSourcesBuildPhase section */

/* Begin XCBuildConfiguration section */
		A945618519E93D2B001CEC26 /* Debug */ = {
			isa = XCBuildConfiguration;
			buildSettings = {
				ALWAYS_SEARCH_USER_PATHS = NO;
				CLANG_CXX_LANGUAGE_STANDARD = "gnu++0x";
				CLANG_CXX_LIBRARY = "libc++";
				CLANG_ENABLE_MODULES = YES;
				CLANG_ENABLE_OBJC_ARC = YES;
				CLANG_WARN_BOOL_CONVERSION = YES;
				CLANG_WARN_CONSTANT_CONVERSION = YES;
				CLANG_WARN_DIRECT_OBJC_ISA_USAGE = YES_ERROR;
				CLANG_WARN_EMPTY_BODY = YES;
				CLANG_WARN_ENUM_CONVERSION = YES;
				CLANG_WARN_INT_CONVERSION = YES;
				CLANG_WARN_OBJC_ROOT_CLASS = YES_ERROR;
				CLANG_WARN_UNREACHABLE_CODE = YES;
				CLANG_WARN__DUPLICATE_METHOD_MATCH = YES;
				COPY_PHASE_STRIP = NO;
				ENABLE_STRICT_OBJC_MSGSEND = YES;
				GCC_C_LANGUAGE_STANDARD = gnu99;
				GCC_DYNAMIC_NO_PIC = NO;
				GCC_OPTIMIZATION_LEVEL = 0;
				GCC_PREPROCESSOR_DEFINITIONS = (
					"DEBUG=1",
					"$(inherited)",
				);
				GCC_SYMBOLS_PRIVATE_EXTERN = NO;
				GCC_WARN_64_TO_32_BIT_CONVERSION = YES;
				GCC_WARN_ABOUT_RETURN_TYPE = YES_ERROR;
				GCC_WARN_UNDECLARED_SELECTOR = YES;
				GCC_WARN_UNINITIALIZED_AUTOS = YES_AGGRESSIVE;
				GCC_WARN_UNUSED_FUNCTION = YES;
				GCC_WARN_UNUSED_VARIABLE = YES;
				MACOSX_DEPLOYMENT_TARGET = 10.9;
				MTL_ENABLE_DEBUG_INFO = YES;
				ONLY_ACTIVE_ARCH = YES;
				SDKROOT = macosx;
			};
			name = Debug;
		};
		A945618619E93D2B001CEC26 /* Release */ = {
			isa = XCBuildConfiguration;
			buildSettings = {
				ALWAYS_SEARCH_USER_PATHS = NO;
				CLANG_CXX_LANGUAGE_STANDARD = "gnu++0x";
				CLANG_CXX_LIBRARY = "libc++";
				CLANG_ENABLE_MODULES = YES;
				CLANG_ENABLE_OBJC_ARC = YES;
				CLANG_WARN_BOOL_CONVERSION = YES;
				CLANG_WARN_CONSTANT_CONVERSION = YES;
				CLANG_WARN_DIRECT_OBJC_ISA_USAGE = YES_ERROR;
				CLANG_WARN_EMPTY_BODY = YES;
				CLANG_WARN_ENUM_CONVERSION = YES;
				CLANG_WARN_INT_CONVERSION = YES;
				CLANG_WARN_OBJC_ROOT_CLASS = YES_ERROR;
				CLANG_WARN_UNREACHABLE_CODE = YES;
				CLANG_WARN__DUPLICATE_METHOD_MATCH = YES;
				COPY_PHASE_STRIP = YES;
				DEBUG_INFORMATION_FORMAT = "dwarf-with-dsym";
				ENABLE_NS_ASSERTIONS = NO;
				ENABLE_STRICT_OBJC_MSGSEND = YES;
				GCC_C_LANGUAGE_STANDARD = gnu99;
				GCC_WARN_64_TO_32_BIT_CONVERSION = YES;
				GCC_WARN_ABOUT_RETURN_TYPE = YES_ERROR;
				GCC_WARN_UNDECLARED_SELECTOR = YES;
				GCC_WARN_UNINITIALIZED_AUTOS = YES_AGGRESSIVE;
				GCC_WARN_UNUSED_FUNCTION = YES;
				GCC_WARN_UNUSED_VARIABLE = YES;
				MACOSX_DEPLOYMENT_TARGET = 10.9;
				MTL_ENABLE_DEBUG_INFO = NO;
				SDKROOT = macosx;
			};
			name = Release;
		};
		A945618819E93D2B001CEC26 /* Debug */ = {
			isa = XCBuildConfiguration;
			buildSettings = {
				PRODUCT_NAME = "$(TARGET_NAME)";
			};
			name = Debug;
		};
		A945618919E93D2B001CEC26 /* Release */ = {
			isa = XCBuildConfiguration;
			buildSettings = {
				PRODUCT_NAME = "$(TARGET_NAME)";
			};
			name = Release;
		};
/* End XCBuildConfiguration section */

/* Begin XCConfigurationList section */
		A945617B19E93D2B001CEC26 /* Build configuration list for PBXProject "DNLM" */ = {
			isa = XCConfigurationList;
			buildConfigurations = (
				A945618519E93D2B001CEC26 /* Debug */,
				A945618619E93D2B001CEC26 /* Release */,
			);
			defaultConfigurationIsVisible = 0;
			defaultConfigurationName = Release;
		};
		A945618719E93D2B001CEC26 /* Build configuration list for PBXNativeTarget "DNLM" */ = {
			isa = XCConfigurationList;
			buildConfigurations = (
				A945618819E93D2B001CEC26 /* Debug */,
				A945618919E93D2B001CEC26 /* Release */,
			);
			defaultConfigurationIsVisible = 0;
		};
/* End XCConfigurationList section */
	};
	rootObject = A945617819E93D2B001CEC26 /* Project object */;
}
